
Microsoft Visual Studio Solution File, Format Version 12.00
# Visual Studio Version 16
VisualStudioVersion = 16.0.33130.400
MinimumVisualStudioVersion = 10.0.40219.1
Project("{9A19103F-16F7-4668-BE54-9A1E7A4F7556}") = "DCC.API", "DCC.API\DCC.API\DCC.API.csproj", "{B654BC31-B23C-4F3E-B784-F5342F72B638}"
EndProject
Project("{9A19103F-16F7-4668-BE54-9A1E7A4F7556}") = "DCC.Service", "DCC.Service\DCC.Service.csproj", "{A292B475-4AE1-49C7-B526-8456BFE5BE72}"
EndProject
Project("{FAE04EC0-301F-11D3-BF4B-00C04F79EFBC}") = "DCC.ModelSQL", "DCC.ModelSQL\DCC.ModelSQL.csproj", "{F2ED8301-E1E5-4FEB-BF8F-9D1D2E41D73E}"
EndProject
Project("{FAE04EC0-301F-11D3-BF4B-00C04F79EFBC}") = "IDServer", "IDServer\IDServer.csproj", "{6EA935A4-0907-42B1-BBEF-F8CA27CBC538}"
EndProject
Global
	GlobalSection(SolutionConfigurationPlatforms) = preSolution
		Debug|Any CPU = Debug|Any CPU
		Release|Any CPU = Release|Any CPU
	EndGlobalSection
	GlobalSection(ProjectConfigurationPlatforms) = postSolution
		{B654BC31-B23C-4F3E-B784-F5342F72B638}.Debug|Any CPU.ActiveCfg = Debug|Any CPU
		{B654BC31-B23C-4F3E-B784-F5342F72B638}.Debug|Any CPU.Build.0 = Debug|Any CPU
		{B654BC31-B23C-4F3E-B784-F5342F72B638}.Release|Any CPU.ActiveCfg = Release|Any CPU
		{B654BC31-B23C-4F3E-B784-F5342F72B638}.Release|Any CPU.Build.0 = Release|Any CPU
		{A292B475-4AE1-49C7-B526-8456BFE5BE72}.Debug|Any CPU.ActiveCfg = Debug|Any CPU
		{A292B475-4AE1-49C7-B526-8456BFE5BE72}.Debug|Any CPU.Build.0 = Debug|Any CPU
		{A292B475-4AE1-49C7-B526-8456BFE5BE72}.Release|Any CPU.ActiveCfg = Release|Any CPU
		{A292B475-4AE1-49C7-B526-8456BFE5BE72}.Release|Any CPU.Build.0 = Release|Any CPU
		{F2ED8301-E1E5-4FEB-BF8F-9D1D2E41D73E}.Debug|Any CPU.ActiveCfg = Debug|Any CPU
		{F2ED8301-E1E5-4FEB-BF8F-9D1D2E41D73E}.Debug|Any CPU.Build.0 = Debug|Any CPU
		{F2ED8301-E1E5-4FEB-BF8F-9D1D2E41D73E}.Release|Any CPU.ActiveCfg = Release|Any CPU
		{F2ED8301-E1E5-4FEB-BF8F-9D1D2E41D73E}.Release|Any CPU.Build.0 = Release|Any CPU
		{6EA935A4-0907-42B1-BBEF-F8CA27CBC538}.Debug|Any CPU.ActiveCfg = Debug|Any CPU
		{6EA935A4-0907-42B1-BBEF-F8CA27CBC538}.Debug|Any CPU.Build.0 = Debug|Any CPU
		{6EA935A4-0907-42B1-BBEF-F8CA27CBC538}.Release|Any CPU.ActiveCfg = Release|Any CPU
		{6EA935A4-0907-42B1-BBEF-F8CA27CBC538}.Release|Any CPU.Build.0 = Release|Any CPU
	EndGlobalSection
	GlobalSection(SolutionProperties) = preSolution
		HideSolutionNode = FALSE
	EndGlobalSection
	GlobalSection(ExtensibilityGlobals) = postSolution
		SolutionGuid = {61E6BA0A-814C-464F-B778-25BFA05DCE3E}
	EndGlobalSection
EndGlobal
